// !$*UTF8*$!
{
	archiveVersion = 1;
	classes = {
	};
	objectVersion = 56;
	objects = {

/* Begin PBXBuildFile section */
		872DB0C32A953A930071AD2E /* Exercise_SetUp_NavigationApp.swift in Sources */ = {isa = PBXBuildFile; fileRef = 872DB0C22A953A930071AD2E /* Exercise_SetUp_NavigationApp.swift */; };
		872DB0C52A953A930071AD2E /* ContentView.swift in Sources */ = {isa = PBXBuildFile; fileRef = 872DB0C42A953A930071AD2E /* ContentView.swift */; };
		872DB0C72A953A950071AD2E /* Assets.xcassets in Resources */ = {isa = PBXBuildFile; fileRef = 872DB0C62A953A950071AD2E /* Assets.xcassets */; };
		872DB0CA2A953A950071AD2E /* Preview Assets.xcassets in Resources */ = {isa = PBXBuildFile; fileRef = 872DB0C92A953A950071AD2E /* Preview Assets.xcassets */; };
		872DB0D22A954E2B0071AD2E /* Home.swift in Sources */ = {isa = PBXBuildFile; fileRef = 872DB0D02A954E2B0071AD2E /* Home.swift */; };
		872DB0D32A954E2B0071AD2E /* Menu.swift in Sources */ = {isa = PBXBuildFile; fileRef = 872DB0D12A954E2B0071AD2E /* Menu.swift */; };
		872DB0D52A9558E20071AD2E /* Onboarding.swift in Sources */ = {isa = PBXBuildFile; fileRef = 872DB0D42A9558E20071AD2E /* Onboarding.swift */; };
		87311D5D2AA264480022443F /* Dish+CoreDataClass.swift in Sources */ = {isa = PBXBuildFile; fileRef = 87311D5B2AA264480022443F /* Dish+CoreDataClass.swift */; };
		87311D5E2AA264480022443F /* Dish+CoreDataProperties.swift in Sources */ = {isa = PBXBuildFile; fileRef = 87311D5C2AA264480022443F /* Dish+CoreDataProperties.swift */; };
		8732C9722A96B22E001D1609 /* UserProfile.swift in Sources */ = {isa = PBXBuildFile; fileRef = 8732C9712A96B22E001D1609 /* UserProfile.swift */; };
		878CFFC22A9E687000DB4C16 /* ExampleDatabase.xcdatamodeld in Sources */ = {isa = PBXBuildFile; fileRef = 878CFFC02A9E687000DB4C16 /* ExampleDatabase.xcdatamodeld */; };
		87C58DE42A993A6800F94632 /* FetchedObjects.swift in Sources */ = {isa = PBXBuildFile; fileRef = 87C58DE22A993A6800F94632 /* FetchedObjects.swift */; };
		87C58DE52A993A6800F94632 /* Persistence.swift in Sources */ = {isa = PBXBuildFile; fileRef = 87C58DE32A993A6800F94632 /* Persistence.swift */; };
		87C58DE72A9945EF00F94632 /* MenuList.swift in Sources */ = {isa = PBXBuildFile; fileRef = 87C58DE62A9945EF00F94632 /* MenuList.swift */; };
		87C58DE92A99460500F94632 /* MenuItem.swift in Sources */ = {isa = PBXBuildFile; fileRef = 87C58DE82A99460500F94632 /* MenuItem.swift */; };
/* End PBXBuildFile section */

/* Begin PBXFileReference section */
		872DB0BF2A953A930071AD2E /* Onboarding-Flow-Main.app */ = {isa = PBXFileReference; explicitFileType = wrapper.application; includeInIndex = 0; path = "Onboarding-Flow-Main.app"; sourceTree = BUILT_PRODUCTS_DIR; };
		872DB0C22A953A930071AD2E /* Exercise_SetUp_NavigationApp.swift */ = {isa = PBXFileReference; lastKnownFileType = sourcecode.swift; path = Exercise_SetUp_NavigationApp.swift; sourceTree = "<group>"; };
		872DB0C42A953A930071AD2E /* ContentView.swift */ = {isa = PBXFileReference; lastKnownFileType = sourcecode.swift; path = ContentView.swift; sourceTree = "<group>"; };
		872DB0C62A953A950071AD2E /* Assets.xcassets */ = {isa = PBXFileReference; lastKnownFileType = folder.assetcatalog; path = Assets.xcassets; sourceTree = "<group>"; };
		872DB0C92A953A950071AD2E /* Preview Assets.xcassets */ = {isa = PBXFileReference; lastKnownFileType = folder.assetcatalog; path = "Preview Assets.xcassets"; sourceTree = "<group>"; };
		872DB0D02A954E2B0071AD2E /* Home.swift */ = {isa = PBXFileReference; fileEncoding = 4; lastKnownFileType = sourcecode.swift; path = Home.swift; sourceTree = "<group>"; };
		872DB0D12A954E2B0071AD2E /* Menu.swift */ = {isa = PBXFileReference; fileEncoding = 4; lastKnownFileType = sourcecode.swift; path = Menu.swift; sourceTree = "<group>"; };
		872DB0D42A9558E20071AD2E /* Onboarding.swift */ = {isa = PBXFileReference; fileEncoding = 4; lastKnownFileType = sourcecode.swift; path = Onboarding.swift; sourceTree = "<group>"; };
		87311D5B2AA264480022443F /* Dish+CoreDataClass.swift */ = {isa = PBXFileReference; lastKnownFileType = sourcecode.swift; path = "Dish+CoreDataClass.swift"; sourceTree = "<group>"; };
		87311D5C2AA264480022443F /* Dish+CoreDataProperties.swift */ = {isa = PBXFileReference; lastKnownFileType = sourcecode.swift; path = "Dish+CoreDataProperties.swift"; sourceTree = "<group>"; };
		8732C9712A96B22E001D1609 /* UserProfile.swift */ = {isa = PBXFileReference; lastKnownFileType = sourcecode.swift; path = UserProfile.swift; sourceTree = "<group>"; };
		878CFFC12A9E687000DB4C16 /* ExampleDatabase.xcdatamodel */ = {isa = PBXFileReference; lastKnownFileType = wrapper.xcdatamodel; path = ExampleDatabase.xcdatamodel; sourceTree = "<group>"; };
		87C58DE22A993A6800F94632 /* FetchedObjects.swift */ = {isa = PBXFileReference; fileEncoding = 4; lastKnownFileType = sourcecode.swift; path = FetchedObjects.swift; sourceTree = "<group>"; };
		87C58DE32A993A6800F94632 /* Persistence.swift */ = {isa = PBXFileReference; fileEncoding = 4; lastKnownFileType = sourcecode.swift; path = Persistence.swift; sourceTree = "<group>"; };
		87C58DE62A9945EF00F94632 /* MenuList.swift */ = {isa = PBXFileReference; lastKnownFileType = sourcecode.swift; path = MenuList.swift; sourceTree = "<group>"; };
		87C58DE82A99460500F94632 /* MenuItem.swift */ = {isa = PBXFileReference; lastKnownFileType = sourcecode.swift; path = MenuItem.swift; sourceTree = "<group>"; };
/* End PBXFileReference section */

/* Begin PBXFrameworksBuildPhase section */
		872DB0BC2A953A930071AD2E /* Frameworks */ = {
			isa = PBXFrameworksBuildPhase;
			buildActionMask = 2147483647;
			files = (
			);
			runOnlyForDeploymentPostprocessing = 0;
		};
/* End PBXFrameworksBuildPhase section */

/* Begin PBXGroup section */
		872DB0B62A953A930071AD2E = {
			isa = PBXGroup;
			children = (
				87311D5B2AA264480022443F /* Dish+CoreDataClass.swift */,
				87311D5C2AA264480022443F /* Dish+CoreDataProperties.swift */,
				872DB0C12A953A930071AD2E /* Exercise-SetUp_Navigation */,
				872DB0C02A953A930071AD2E /* Products */,
			);
			sourceTree = "<group>";
		};
		872DB0C02A953A930071AD2E /* Products */ = {
			isa = PBXGroup;
			children = (
				872DB0BF2A953A930071AD2E /* Onboarding-Flow-Main.app */,
			);
			name = Products;
			sourceTree = "<group>";
		};
		872DB0C12A953A930071AD2E /* Exercise-SetUp_Navigation */ = {
			isa = PBXGroup;
			children = (
				87C58DE22A993A6800F94632 /* FetchedObjects.swift */,
				87C58DE32A993A6800F94632 /* Persistence.swift */,
				872DB0D42A9558E20071AD2E /* Onboarding.swift */,
				872DB0D02A954E2B0071AD2E /* Home.swift */,
				872DB0D12A954E2B0071AD2E /* Menu.swift */,
				872DB0C22A953A930071AD2E /* Exercise_SetUp_NavigationApp.swift */,
				872DB0C42A953A930071AD2E /* ContentView.swift */,
				8732C9712A96B22E001D1609 /* UserProfile.swift */,
				87C58DE62A9945EF00F94632 /* MenuList.swift */,
				87C58DE82A99460500F94632 /* MenuItem.swift */,
				872DB0C62A953A950071AD2E /* Assets.xcassets */,
				872DB0C82A953A950071AD2E /* Preview Content */,
				878CFFC02A9E687000DB4C16 /* ExampleDatabase.xcdatamodeld */,
			);
			path = "Exercise-SetUp_Navigation";
			sourceTree = "<group>";
		};
		872DB0C82A953A950071AD2E /* Preview Content */ = {
			isa = PBXGroup;
			children = (
				872DB0C92A953A950071AD2E /* Preview Assets.xcassets */,
			);
			path = "Preview Content";
			sourceTree = "<group>";
		};
/* End PBXGroup section */

/* Begin PBXNativeTarget section */
		872DB0BE2A953A930071AD2E /* Onboarding-Flow-Main */ = {
			isa = PBXNativeTarget;
			buildConfigurationList = 872DB0CD2A953A950071AD2E /* Build configuration list for PBXNativeTarget "Onboarding-Flow-Main" */;
			buildPhases = (
				872DB0BB2A953A930071AD2E /* Sources */,
				872DB0BC2A953A930071AD2E /* Frameworks */,
				872DB0BD2A953A930071AD2E /* Resources */,
			);
			buildRules = (
			);
			dependencies = (
			);
			name = "Onboarding-Flow-Main";
			productName = "Exercise-SetUp_Navigation";
			productReference = 872DB0BF2A953A930071AD2E /* Onboarding-Flow-Main.app */;
			productType = "com.apple.product-type.application";
		};
/* End PBXNativeTarget section */

/* Begin PBXProject section */
		872DB0B72A953A930071AD2E /* Project object */ = {
			isa = PBXProject;
			attributes = {
				BuildIndependentTargetsInParallel = 1;
				LastSwiftUpdateCheck = 1430;
				LastUpgradeCheck = 1430;
				TargetAttributes = {
					872DB0BE2A953A930071AD2E = {
						CreatedOnToolsVersion = 14.3.1;
					};
				};
			};
			buildConfigurationList = 872DB0BA2A953A930071AD2E /* Build configuration list for PBXProject "Onboarding-Flow-Main" */;
			compatibilityVersion = "Xcode 14.0";
			developmentRegion = en;
			hasScannedForEncodings = 0;
			knownRegions = (
				en,
				Base,
			);
			mainGroup = 872DB0B62A953A930071AD2E;
			productRefGroup = 872DB0C02A953A930071AD2E /* Products */;
			projectDirPath = "";
			projectRoot = "";
			targets = (
				872DB0BE2A953A930071AD2E /* Onboarding-Flow-Main */,
			);
		};
/* End PBXProject section */

/* Begin PBXResourcesBuildPhase section */
		872DB0BD2A953A930071AD2E /* Resources */ = {
			isa = PBXResourcesBuildPhase;
			buildActionMask = 2147483647;
			files = (
				872DB0CA2A953A950071AD2E /* Preview Assets.xcassets in Resources */,
				872DB0C72A953A950071AD2E /* Assets.xcassets in Resources */,
			);
			runOnlyForDeploymentPostprocessing = 0;
		};
/* End PBXResourcesBuildPhase section */

/* Begin PBXSourcesBuildPhase section */
		872DB0BB2A953A930071AD2E /* Sources */ = {
			isa = PBXSourcesBuildPhase;
			buildActionMask = 2147483647;
			files = (
				878CFFC22A9E687000DB4C16 /* ExampleDatabase.xcdatamodeld in Sources */,
				872DB0C52A953A930071AD2E /* ContentView.swift in Sources */,
				87311D5E2AA264480022443F /* Dish+CoreDataProperties.swift in Sources */,
				87C58DE52A993A6800F94632 /* Persistence.swift in Sources */,
				872DB0D22A954E2B0071AD2E /* Home.swift in Sources */,
				8732C9722A96B22E001D1609 /* UserProfile.swift in Sources */,
				872DB0D52A9558E20071AD2E /* Onboarding.swift in Sources */,
				872DB0D32A954E2B0071AD2E /* Menu.swift in Sources */,
				87311D5D2AA264480022443F /* Dish+CoreDataClass.swift in Sources */,
				87C58DE42A993A6800F94632 /* FetchedObjects.swift in Sources */,
				87C58DE72A9945EF00F94632 /* MenuList.swift in Sources */,
				872DB0C32A953A930071AD2E /* Exercise_SetUp_NavigationApp.swift in Sources */,
				87C58DE92A99460500F94632 /* MenuItem.swift in Sources */,
			);
			runOnlyForDeploymentPostprocessing = 0;
		};
/* End PBXSourcesBuildPhase section */

/* Begin XCBuildConfiguration section */
		872DB0CB2A953A950071AD2E /* Debug */ = {
			isa = XCBuildConfiguration;
			buildSettings = {
				ALWAYS_SEARCH_USER_PATHS = NO;
				CLANG_ANALYZER_NONNULL = YES;
				CLANG_ANALYZER_NUMBER_OBJECT_CONVERSION = YES_AGGRESSIVE;
				CLANG_CXX_LANGUAGE_STANDARD = "gnu++20";
				CLANG_ENABLE_MODULES = YES;
				CLANG_ENABLE_OBJC_ARC = YES;
				CLANG_ENABLE_OBJC_WEAK = YES;
				CLANG_WARN_BLOCK_CAPTURE_AUTORELEASING = YES;
				CLANG_WARN_BOOL_CONVERSION = YES;
				CLANG_WARN_COMMA = YES;
				CLANG_WARN_CONSTANT_CONVERSION = YES;
				CLANG_WARN_DEPRECATED_OBJC_IMPLEMENTATIONS = YES;
				CLANG_WARN_DIRECT_OBJC_ISA_USAGE = YES_ERROR;
				CLANG_WARN_DOCUMENTATION_COMMENTS = YES;
				CLANG_WARN_EMPTY_BODY = YES;
				CLANG_WARN_ENUM_CONVERSION = YES;
				CLANG_WARN_INFINITE_RECURSION = YES;
				CLANG_WARN_INT_CONVERSION = YES;
				CLANG_WARN_NON_LITERAL_NULL_CONVERSION = YES;
				CLANG_WARN_OBJC_IMPLICIT_RETAIN_SELF = YES;
				CLANG_WARN_OBJC_LITERAL_CONVERSION = YES;
				CLANG_WARN_OBJC_ROOT_CLASS = YES_ERROR;
				CLANG_WARN_QUOTED_INCLUDE_IN_FRAMEWORK_HEADER = YES;
				CLANG_WARN_RANGE_LOOP_ANALYSIS = YES;
				CLANG_WARN_STRICT_PROTOTYPES = YES;
				CLANG_WARN_SUSPICIOUS_MOVE = YES;
				CLANG_WARN_UNGUARDED_AVAILABILITY = YES_AGGRESSIVE;
				CLANG_WARN_UNREACHABLE_CODE = YES;
				CLANG_WARN__DUPLICATE_METHOD_MATCH = YES;
				COPY_PHASE_STRIP = NO;
				DEBUG_INFORMATION_FORMAT = dwarf;
				ENABLE_STRICT_OBJC_MSGSEND = YES;
				ENABLE_TESTABILITY = YES;
				GCC_C_LANGUAGE_STANDARD = gnu11;
				GCC_DYNAMIC_NO_PIC = NO;
				GCC_NO_COMMON_BLOCKS = YES;
				GCC_OPTIMIZATION_LEVEL = 0;
				GCC_PREPROCESSOR_DEFINITIONS = (
					"DEBUG=1",
					"$(inherited)",
				);
				GCC_WARN_64_TO_32_BIT_CONVERSION = YES;
				GCC_WARN_ABOUT_RETURN_TYPE = YES_ERROR;
				GCC_WARN_UNDECLARED_SELECTOR = YES;
				GCC_WARN_UNINITIALIZED_AUTOS = YES_AGGRESSIVE;
				GCC_WARN_UNUSED_FUNCTION = YES;
				GCC_WARN_UNUSED_VARIABLE = YES;
				IPHONEOS_DEPLOYMENT_TARGET = 16.4;
				MTL_ENABLE_DEBUG_INFO = INCLUDE_SOURCE;
				MTL_FAST_MATH = YES;
				ONLY_ACTIVE_ARCH = YES;
				SDKROOT = iphoneos;
				SWIFT_ACTIVE_COMPILATION_CONDITIONS = DEBUG;
				SWIFT_OPTIMIZATION_LEVEL = "-Onone";
			};
			name = Debug;
		};
		872DB0CC2A953A950071AD2E /* Release */ = {
			isa = XCBuildConfiguration;
			buildSettings = {
				ALWAYS_SEARCH_USER_PATHS = NO;
				CLANG_ANALYZER_NONNULL = YES;
				CLANG_ANALYZER_NUMBER_OBJECT_CONVERSION = YES_AGGRESSIVE;
				CLANG_CXX_LANGUAGE_STANDARD = "gnu++20";
				CLANG_ENABLE_MODULES = YES;
				CLANG_ENABLE_OBJC_ARC = YES;
				CLANG_ENABLE_OBJC_WEAK = YES;
				CLANG_WARN_BLOCK_CAPTURE_AUTORELEASING = YES;
				CLANG_WARN_BOOL_CONVERSION = YES;
				CLANG_WARN_COMMA = YES;
				CLANG_WARN_CONSTANT_CONVERSION = YES;
				CLANG_WARN_DEPRECATED_OBJC_IMPLEMENTATIONS = YES;
				CLANG_WARN_DIRECT_OBJC_ISA_USAGE = YES_ERROR;
				CLANG_WARN_DOCUMENTATION_COMMENTS = YES;
				CLANG_WARN_EMPTY_BODY = YES;
				CLANG_WARN_ENUM_CONVERSION = YES;
				CLANG_WARN_INFINITE_RECURSION = YES;
				CLANG_WARN_INT_CONVERSION = YES;
				CLANG_WARN_NON_LITERAL_NULL_CONVERSION = YES;
				CLANG_WARN_OBJC_IMPLICIT_RETAIN_SELF = YES;
				CLANG_WARN_OBJC_LITERAL_CONVERSION = YES;
				CLANG_WARN_OBJC_ROOT_CLASS = YES_ERROR;
				CLANG_WARN_QUOTED_INCLUDE_IN_FRAMEWORK_HEADER = YES;
				CLANG_WARN_RANGE_LOOP_ANALYSIS = YES;
				CLANG_WARN_STRICT_PROTOTYPES = YES;
				CLANG_WARN_SUSPICIOUS_MOVE = YES;
				CLANG_WARN_UNGUARDED_AVAILABILITY = YES_AGGRESSIVE;
				CLANG_WARN_UNREACHABLE_CODE = YES;
				CLANG_WARN__DUPLICATE_METHOD_MATCH = YES;
				COPY_PHASE_STRIP = NO;
				DEBUG_INFORMATION_FORMAT = "dwarf-with-dsym";
				ENABLE_NS_ASSERTIONS = NO;
				ENABLE_STRICT_OBJC_MSGSEND = YES;
				GCC_C_LANGUAGE_STANDARD = gnu11;
				GCC_NO_COMMON_BLOCKS = YES;
				GCC_WARN_64_TO_32_BIT_CONVERSION = YES;
				GCC_WARN_ABOUT_RETURN_TYPE = YES_ERROR;
				GCC_WARN_UNDECLARED_SELECTOR = YES;
				GCC_WARN_UNINITIALIZED_AUTOS = YES_AGGRESSIVE;
				GCC_WARN_UNUSED_FUNCTION = YES;
				GCC_WARN_UNUSED_VARIABLE = YES;
				IPHONEOS_DEPLOYMENT_TARGET = 16.4;
				MTL_ENABLE_DEBUG_INFO = NO;
				MTL_FAST_MATH = YES;
				SDKROOT = iphoneos;
				SWIFT_COMPILATION_MODE = wholemodule;
				SWIFT_OPTIMIZATION_LEVEL = "-O";
				VALIDATE_PRODUCT = YES;
			};
			name = Release;
		};
		872DB0CE2A953A950071AD2E /* Debug */ = {
			isa = XCBuildConfiguration;
			buildSettings = {
				ASSETCATALOG_COMPILER_APPICON_NAME = AppIcon;
				ASSETCATALOG_COMPILER_GLOBAL_ACCENT_COLOR_NAME = AccentColor;
				CODE_SIGN_STYLE = Automatic;
				CURRENT_PROJECT_VERSION = 1;
				DEVELOPMENT_ASSET_PATHS = "\"Exercise-SetUp_Navigation/Preview Content\"";
				ENABLE_PREVIEWS = YES;
				GENERATE_INFOPLIST_FILE = YES;
				INFOPLIST_KEY_UIApplicationSceneManifest_Generation = YES;
				INFOPLIST_KEY_UIApplicationSupportsIndirectInputEvents = YES;
				INFOPLIST_KEY_UILaunchScreen_Generation = YES;
				INFOPLIST_KEY_UISupportedInterfaceOrientations_iPad = "UIInterfaceOrientationPortrait UIInterfaceOrientationPortraitUpsideDown UIInterfaceOrientationLandscapeLeft UIInterfaceOrientationLandscapeRight";
				INFOPLIST_KEY_UISupportedInterfaceOrientations_iPhone = "UIInterfaceOrientationPortrait UIInterfaceOrientationLandscapeLeft UIInterfaceOrientationLandscapeRight";
				LD_RUNPATH_SEARCH_PATHS = (
					"$(inherited)",
					"@executable_path/Frameworks",
				);
				MARKETING_VERSION = 1.0;
				PRODUCT_BUNDLE_IDENTIFIER = "com.example.app.Exercise-SetUp-Navigation";
				PRODUCT_NAME = "$(TARGET_NAME)";
				SWIFT_EMIT_LOC_STRINGS = YES;
				SWIFT_VERSION = 5.0;
				TARGETED_DEVICE_FAMILY = "1,2";
			};
			name = Debug;
		};
		872DB0CF2A953A950071AD2E /* Release */ = {
			isa = XCBuildConfiguration;
			buildSettings = {
				ASSETCATALOG_COMPILER_APPICON_NAME = AppIcon;
				ASSETCATALOG_COMPILER_GLOBAL_ACCENT_COLOR_NAME = AccentColor;
				CODE_SIGN_STYLE = Automatic;
				CURRENT_PROJECT_VERSION = 1;
				DEVELOPMENT_ASSET_PATHS = "\"Exercise-SetUp_Navigation/Preview Content\"";
				ENABLE_PREVIEWS = YES;
				GENERATE_INFOPLIST_FILE = YES;
				INFOPLIST_KEY_UIApplicationSceneManifest_Generation = YES;
				INFOPLIST_KEY_UIApplicationSupportsIndirectInputEvents = YES;
				INFOPLIST_KEY_UILaunchScreen_Generation = YES;
				INFOPLIST_KEY_UISupportedInterfaceOrientations_iPad = "UIInterfaceOrientationPortrait UIInterfaceOrientationPortraitUpsideDown UIInterfaceOrientationLandscapeLeft UIInterfaceOrientationLandscapeRight";
				INFOPLIST_KEY_UISupportedInterfaceOrientations_iPhone = "UIInterfaceOrientationPortrait UIInterfaceOrientationLandscapeLeft UIInterfaceOrientationLandscapeRight";
				LD_RUNPATH_SEARCH_PATHS = (
					"$(inherited)",
					"@executable_path/Frameworks",
				);
				MARKETING_VERSION = 1.0;
				PRODUCT_BUNDLE_IDENTIFIER = "com.example.app.Exercise-SetUp-Navigation";
				PRODUCT_NAME = "$(TARGET_NAME)";
				SWIFT_EMIT_LOC_STRINGS = YES;
				SWIFT_VERSION = 5.0;
				TARGETED_DEVICE_FAMILY = "1,2";
			};
			name = Release;
		};
/* End XCBuildConfiguration section */

/* Begin XCConfigurationList section */
		872DB0BA2A953A930071AD2E /* Build configuration list for PBXProject "Onboarding-Flow-Main" */ = {
			isa = XCConfigurationList;
			buildConfigurations = (
				872DB0CB2A953A950071AD2E /* Debug */,
				872DB0CC2A953A950071AD2E /* Release */,
			);
			defaultConfigurationIsVisible = 0;
			defaultConfigurationName = Release;
		};
		872DB0CD2A953A950071AD2E /* Build configuration list for PBXNativeTarget "Onboarding-Flow-Main" */ = {
			isa = XCConfigurationList;
			buildConfigurations = (
				872DB0CE2A953A950071AD2E /* Debug */,
				872DB0CF2A953A950071AD2E /* Release */,
			);
			defaultConfigurationIsVisible = 0;
			defaultConfigurationName = Release;
		};
/* End XCConfigurationList section */

/* Begin XCVersionGroup section */
		878CFFC02A9E687000DB4C16 /* ExampleDatabase.xcdatamodeld */ = {
			isa = XCVersionGroup;
			children = (
				878CFFC12A9E687000DB4C16 /* ExampleDatabase.xcdatamodel */,
			);
			currentVersion = 878CFFC12A9E687000DB4C16 /* ExampleDatabase.xcdatamodel */;
			path = ExampleDatabase.xcdatamodeld;
			sourceTree = "<group>";
			versionGroupType = wrapper.xcdatamodel;
		};
/* End XCVersionGroup section */
	};
	rootObject = 872DB0B72A953A930071AD2E /* Project object */;
}
